
Microsoft Visual Studio Solution File, Format Version 12.00
# Visual Studio Version 17
VisualStudioVersion = 17.13.35931.197 d17.13
MinimumVisualStudioVersion = 10.0.40219.1
Project("{54A90642-561A-4BB1-A94E-469ADEE60C69}") = "meishi.client", "meishi.client\meishi.client.esproj", "{8C7A0D9D-2EC6-0C6C-BF92-8AAA8A3E32D8}"
EndProject
Project("{FAE04EC0-301F-11D3-BF4B-00C04F79EFBC}") = "Meishi.Server", "Meishi.Server\Meishi.Server.csproj", "{166E984C-FCB7-49E6-B876-E34AAA419788}"
EndProject
Global
	GlobalSection(SolutionConfigurationPlatforms) = preSolution
		Debug|Any CPU = Debug|Any CPU
		Release|Any CPU = Release|Any CPU
	EndGlobalSection
	GlobalSection(ProjectConfigurationPlatforms) = postSolution
		{8C7A0D9D-2EC6-0C6C-BF92-8AAA8A3E32D8}.Debug|Any CPU.ActiveCfg = Debug|Any CPU
		{8C7A0D9D-2EC6-0C6C-BF92-8AAA8A3E32D8}.Debug|Any CPU.Build.0 = Debug|Any CPU
		{8C7A0D9D-2EC6-0C6C-BF92-8AAA8A3E32D8}.Debug|Any CPU.Deploy.0 = Debug|Any CPU
		{8C7A0D9D-2EC6-0C6C-BF92-8AAA8A3E32D8}.Release|Any CPU.ActiveCfg = Release|Any CPU
		{8C7A0D9D-2EC6-0C6C-BF92-8AAA8A3E32D8}.Release|Any CPU.Build.0 = Release|Any CPU
		{8C7A0D9D-2EC6-0C6C-BF92-8AAA8A3E32D8}.Release|Any CPU.Deploy.0 = Release|Any CPU
		{166E984C-FCB7-49E6-B876-E34AAA419788}.Debug|Any CPU.ActiveCfg = Debug|Any CPU
		{166E984C-FCB7-49E6-B876-E34AAA419788}.Debug|Any CPU.Build.0 = Debug|Any CPU
		{166E984C-FCB7-49E6-B876-E34AAA419788}.Release|Any CPU.ActiveCfg = Release|Any CPU
		{166E984C-FCB7-49E6-B876-E34AAA419788}.Release|Any CPU.Build.0 = Release|Any CPU
	EndGlobalSection
	GlobalSection(SolutionProperties) = preSolution
		HideSolutionNode = FALSE
	EndGlobalSection
	GlobalSection(ExtensibilityGlobals) = postSolution
		SolutionGuid = {9FAF195E-8E3F-4F23-883F-6D9EC9CB562E}
	EndGlobalSection
EndGlobal
